
Microsoft Visual Studio Solution File, Format Version 12.00
# Visual Studio Version 17
VisualStudioVersion = 17.5.33424.131
MinimumVisualStudioVersion = 10.0.40219.1
Project("{FAE04EC0-301F-11D3-BF4B-00C04F79EFBC}") = "PrototypeCRM", "PrototypeCRM\PrototypeCRM.csproj", "{76A46ECE-A7C6-4233-8285-971311464ACC}"
EndProject
Global
	GlobalSection(SolutionConfigurationPlatforms) = preSolution
		Debug|Any CPU = Debug|Any CPU
		Release|Any CPU = Release|Any CPU
	EndGlobalSection
	GlobalSection(ProjectConfigurationPlatforms) = postSolution
		{76A46ECE-A7C6-4233-8285-971311464ACC}.Debug|Any CPU.ActiveCfg = Debug|Any CPU
		{76A46ECE-A7C6-4233-8285-971311464ACC}.Debug|Any CPU.Build.0 = Debug|Any CPU
		{76A46ECE-A7C6-4233-8285-971311464ACC}.Release|Any CPU.ActiveCfg = Release|Any CPU
		{76A46ECE-A7C6-4233-8285-971311464ACC}.Release|Any CPU.Build.0 = Release|Any CPU
	EndGlobalSection
	GlobalSection(SolutionProperties) = preSolution
		HideSolutionNode = FALSE
	EndGlobalSection
	GlobalSection(ExtensibilityGlobals) = postSolution
		SolutionGuid = {0F5458A8-853F-4CAF-832B-51D9947C017B}
	EndGlobalSection
EndGlobal
